// !$*UTF8*$!
{
	archiveVersion = 1;
	classes = {
	};
	objectVersion = 51;
	objects = {

/* Begin PBXBuildFile section */
		3A4E236B25B671A800A374E7 /* AppDelegate.swift in Sources */ = {isa = PBXBuildFile; fileRef = 3A4E236A25B671A800A374E7 /* AppDelegate.swift */; };
		3A4E236D25B671A800A374E7 /* SceneDelegate.swift in Sources */ = {isa = PBXBuildFile; fileRef = 3A4E236C25B671A800A374E7 /* SceneDelegate.swift */; };
		3A4E236F25B671A800A374E7 /* LeagueViewController.swift in Sources */ = {isa = PBXBuildFile; fileRef = 3A4E236E25B671A800A374E7 /* LeagueViewController.swift */; };
		3A4E237225B671A800A374E7 /* Main.storyboard in Resources */ = {isa = PBXBuildFile; fileRef = 3A4E237025B671A800A374E7 /* Main.storyboard */; };
		3A4E237525B671A800A374E7 /* FinalProject.xcdatamodeld in Sources */ = {isa = PBXBuildFile; fileRef = 3A4E237325B671A800A374E7 /* FinalProject.xcdatamodeld */; };
		3A4E237725B671AA00A374E7 /* Assets.xcassets in Resources */ = {isa = PBXBuildFile; fileRef = 3A4E237625B671AA00A374E7 /* Assets.xcassets */; };
		3A4E237A25B671AA00A374E7 /* LaunchScreen.storyboard in Resources */ = {isa = PBXBuildFile; fileRef = 3A4E237825B671AA00A374E7 /* LaunchScreen.storyboard */; };
		3A4E23F725B691C500A374E7 /* NetworkManager.swift in Sources */ = {isa = PBXBuildFile; fileRef = 3A4E23F625B691C500A374E7 /* NetworkManager.swift */; };
		3A4E247025B8B8E600A374E7 /* Match.swift in Sources */ = {isa = PBXBuildFile; fileRef = 3A4E246F25B8B8E600A374E7 /* Match.swift */; };
		3A4E24B525BA0CA000A374E7 /* FixtureViewController.swift in Sources */ = {isa = PBXBuildFile; fileRef = 3A4E24B425BA0CA000A374E7 /* FixtureViewController.swift */; };
		3A4E24BA25BA16D800A374E7 /* leagueTableViewCell.swift in Sources */ = {isa = PBXBuildFile; fileRef = 3A4E24B825BA16D800A374E7 /* leagueTableViewCell.swift */; };
		3A4E24BB25BA16D800A374E7 /* leagueTableViewCell.xib in Resources */ = {isa = PBXBuildFile; fileRef = 3A4E24B925BA16D800A374E7 /* leagueTableViewCell.xib */; };
		3A57EE5025B938C2002D5E1C /* GoogleService-Info.plist in Resources */ = {isa = PBXBuildFile; fileRef = 3A57EE4F25B938C2002D5E1C /* GoogleService-Info.plist */; };
		3A57EE5325B93D2F002D5E1C /* SignupViewController.swift in Sources */ = {isa = PBXBuildFile; fileRef = 3A57EE5225B93D2F002D5E1C /* SignupViewController.swift */; };
		3A57EE5925B95A8A002D5E1C /* LoginViewController.swift in Sources */ = {isa = PBXBuildFile; fileRef = 3A57EE5825B95A8A002D5E1C /* LoginViewController.swift */; };
		3A57EE7225B96504002D5E1C /* Alert.swift in Sources */ = {isa = PBXBuildFile; fileRef = 3A57EE7125B96504002D5E1C /* Alert.swift */; };
		78C2AF6A43F035184D3627AC /* Pods_FinalProject.framework in Frameworks */ = {isa = PBXBuildFile; fileRef = FEBC35C72CE30A817700F5A6 /* Pods_FinalProject.framework */; };
		7F5406FC25BA279000ED16D4 /* fixtureTableViewCell.swift in Sources */ = {isa = PBXBuildFile; fileRef = 7F5406FA25BA279000ED16D4 /* fixtureTableViewCell.swift */; };
		7F5406FD25BA279000ED16D4 /* fixtureTableViewCell.xib in Resources */ = {isa = PBXBuildFile; fileRef = 7F5406FB25BA279000ED16D4 /* fixtureTableViewCell.xib */; };
/* End PBXBuildFile section */

/* Begin PBXFileReference section */
		3A4E236725B671A800A374E7 /* FinalProject.app */ = {isa = PBXFileReference; explicitFileType = wrapper.application; includeInIndex = 0; path = FinalProject.app; sourceTree = BUILT_PRODUCTS_DIR; };
		3A4E236A25B671A800A374E7 /* AppDelegate.swift */ = {isa = PBXFileReference; lastKnownFileType = sourcecode.swift; path = AppDelegate.swift; sourceTree = "<group>"; };
		3A4E236C25B671A800A374E7 /* SceneDelegate.swift */ = {isa = PBXFileReference; lastKnownFileType = sourcecode.swift; path = SceneDelegate.swift; sourceTree = "<group>"; };
		3A4E236E25B671A800A374E7 /* LeagueViewController.swift */ = {isa = PBXFileReference; lastKnownFileType = sourcecode.swift; path = LeagueViewController.swift; sourceTree = "<group>"; };
		3A4E237125B671A800A374E7 /* Base */ = {isa = PBXFileReference; lastKnownFileType = file.storyboard; name = Base; path = Base.lproj/Main.storyboard; sourceTree = "<group>"; };
		3A4E237425B671A800A374E7 /* FinalProject.xcdatamodel */ = {isa = PBXFileReference; lastKnownFileType = wrapper.xcdatamodel; path = FinalProject.xcdatamodel; sourceTree = "<group>"; };
		3A4E237625B671AA00A374E7 /* Assets.xcassets */ = {isa = PBXFileReference; lastKnownFileType = folder.assetcatalog; path = Assets.xcassets; sourceTree = "<group>"; };
		3A4E237925B671AA00A374E7 /* Base */ = {isa = PBXFileReference; lastKnownFileType = file.storyboard; name = Base; path = Base.lproj/LaunchScreen.storyboard; sourceTree = "<group>"; };
		3A4E237B25B671AA00A374E7 /* Info.plist */ = {isa = PBXFileReference; lastKnownFileType = text.plist.xml; path = Info.plist; sourceTree = "<group>"; };
		3A4E23F625B691C500A374E7 /* NetworkManager.swift */ = {isa = PBXFileReference; lastKnownFileType = sourcecode.swift; path = NetworkManager.swift; sourceTree = "<group>"; };
		3A4E246F25B8B8E600A374E7 /* Match.swift */ = {isa = PBXFileReference; lastKnownFileType = sourcecode.swift; path = Match.swift; sourceTree = "<group>"; };
		3A4E24B425BA0CA000A374E7 /* FixtureViewController.swift */ = {isa = PBXFileReference; lastKnownFileType = sourcecode.swift; path = FixtureViewController.swift; sourceTree = "<group>"; };
		3A4E24B825BA16D800A374E7 /* leagueTableViewCell.swift */ = {isa = PBXFileReference; lastKnownFileType = sourcecode.swift; path = leagueTableViewCell.swift; sourceTree = "<group>"; };
		3A4E24B925BA16D800A374E7 /* leagueTableViewCell.xib */ = {isa = PBXFileReference; lastKnownFileType = file.xib; path = leagueTableViewCell.xib; sourceTree = "<group>"; };
		3A57EE4F25B938C2002D5E1C /* GoogleService-Info.plist */ = {isa = PBXFileReference; fileEncoding = 4; lastKnownFileType = text.plist.xml; path = "GoogleService-Info.plist"; sourceTree = "<group>"; };
		3A57EE5225B93D2F002D5E1C /* SignupViewController.swift */ = {isa = PBXFileReference; lastKnownFileType = sourcecode.swift; path = SignupViewController.swift; sourceTree = "<group>"; };
		3A57EE5825B95A8A002D5E1C /* LoginViewController.swift */ = {isa = PBXFileReference; lastKnownFileType = sourcecode.swift; path = LoginViewController.swift; sourceTree = "<group>"; };
		3A57EE7125B96504002D5E1C /* Alert.swift */ = {isa = PBXFileReference; lastKnownFileType = sourcecode.swift; path = Alert.swift; sourceTree = "<group>"; };
		725608F06B4B9ACB45DAE39B /* Pods-FinalProject.release.xcconfig */ = {isa = PBXFileReference; includeInIndex = 1; lastKnownFileType = text.xcconfig; name = "Pods-FinalProject.release.xcconfig"; path = "Target Support Files/Pods-FinalProject/Pods-FinalProject.release.xcconfig"; sourceTree = "<group>"; };
		7F5406FA25BA279000ED16D4 /* fixtureTableViewCell.swift */ = {isa = PBXFileReference; lastKnownFileType = sourcecode.swift; path = fixtureTableViewCell.swift; sourceTree = "<group>"; };
		7F5406FB25BA279000ED16D4 /* fixtureTableViewCell.xib */ = {isa = PBXFileReference; lastKnownFileType = file.xib; path = fixtureTableViewCell.xib; sourceTree = "<group>"; };
		F382481BB4C92106EB8B010C /* Pods-FinalProject.debug.xcconfig */ = {isa = PBXFileReference; includeInIndex = 1; lastKnownFileType = text.xcconfig; name = "Pods-FinalProject.debug.xcconfig"; path = "Target Support Files/Pods-FinalProject/Pods-FinalProject.debug.xcconfig"; sourceTree = "<group>"; };
		FEBC35C72CE30A817700F5A6 /* Pods_FinalProject.framework */ = {isa = PBXFileReference; explicitFileType = wrapper.framework; includeInIndex = 0; path = Pods_FinalProject.framework; sourceTree = BUILT_PRODUCTS_DIR; };
/* End PBXFileReference section */

/* Begin PBXFrameworksBuildPhase section */
		3A4E236425B671A800A374E7 /* Frameworks */ = {
			isa = PBXFrameworksBuildPhase;
			buildActionMask = 2147483647;
			files = (
				78C2AF6A43F035184D3627AC /* Pods_FinalProject.framework in Frameworks */,
			);
			runOnlyForDeploymentPostprocessing = 0;
		};
/* End PBXFrameworksBuildPhase section */

/* Begin PBXGroup section */
		3A4E235E25B671A800A374E7 = {
			isa = PBXGroup;
			children = (
				3A4E236925B671A800A374E7 /* FinalProject */,
				3A4E236825B671A800A374E7 /* Products */,
				45CE29B9A4E18ECEDA0FC0C6 /* Pods */,
				54FBB7378BC19F16DF95CF0E /* Frameworks */,
			);
			sourceTree = "<group>";
		};
		3A4E236825B671A800A374E7 /* Products */ = {
			isa = PBXGroup;
			children = (
				3A4E236725B671A800A374E7 /* FinalProject.app */,
			);
			name = Products;
			sourceTree = "<group>";
		};
		3A4E236925B671A800A374E7 /* FinalProject */ = {
			isa = PBXGroup;
			children = (
				3A57EE7625B9C567002D5E1C /* Model */,
				3A57EE7525B9C537002D5E1C /* View */,
				3A57EE7425B9C50F002D5E1C /* Controller */,
				3A4E236A25B671A800A374E7 /* AppDelegate.swift */,
				3A4E236C25B671A800A374E7 /* SceneDelegate.swift */,
				3A4E237625B671AA00A374E7 /* Assets.xcassets */,
				3A4E237825B671AA00A374E7 /* LaunchScreen.storyboard */,
				3A4E237B25B671AA00A374E7 /* Info.plist */,
				3A57EE4F25B938C2002D5E1C /* GoogleService-Info.plist */,
				3A4E23F625B691C500A374E7 /* NetworkManager.swift */,
				3A4E237325B671A800A374E7 /* FinalProject.xcdatamodeld */,
				3A57EE7125B96504002D5E1C /* Alert.swift */,
			);
			path = FinalProject;
			sourceTree = "<group>";
		};
		3A57EE7425B9C50F002D5E1C /* Controller */ = {
			isa = PBXGroup;
			children = (
				3A57EE5825B95A8A002D5E1C /* LoginViewController.swift */,
				3A4E24B425BA0CA000A374E7 /* FixtureViewController.swift */,
				3A57EE5225B93D2F002D5E1C /* SignupViewController.swift */,
				3A4E236E25B671A800A374E7 /* LeagueViewController.swift */,
			);
			path = Controller;
			sourceTree = "<group>";
		};
		3A57EE7525B9C537002D5E1C /* View */ = {
			isa = PBXGroup;
			children = (
				3A4E237025B671A800A374E7 /* Main.storyboard */,
				3A4E24B825BA16D800A374E7 /* leagueTableViewCell.swift */,
				3A4E24B925BA16D800A374E7 /* leagueTableViewCell.xib */,
				7F5406FA25BA279000ED16D4 /* fixtureTableViewCell.swift */,
				7F5406FB25BA279000ED16D4 /* fixtureTableViewCell.xib */,
			);
			path = View;
			sourceTree = "<group>";
		};
		3A57EE7625B9C567002D5E1C /* Model */ = {
			isa = PBXGroup;
			children = (
				3A4E246F25B8B8E600A374E7 /* Match.swift */,
			);
			path = Model;
			sourceTree = "<group>";
		};
		45CE29B9A4E18ECEDA0FC0C6 /* Pods */ = {
			isa = PBXGroup;
			children = (
				F382481BB4C92106EB8B010C /* Pods-FinalProject.debug.xcconfig */,
				725608F06B4B9ACB45DAE39B /* Pods-FinalProject.release.xcconfig */,
			);
			path = Pods;
			sourceTree = "<group>";
		};
		54FBB7378BC19F16DF95CF0E /* Frameworks */ = {
			isa = PBXGroup;
			children = (
				FEBC35C72CE30A817700F5A6 /* Pods_FinalProject.framework */,
			);
			name = Frameworks;
			sourceTree = "<group>";
		};
/* End PBXGroup section */

/* Begin PBXNativeTarget section */
		3A4E236625B671A800A374E7 /* FinalProject */ = {
			isa = PBXNativeTarget;
			buildConfigurationList = 3A4E237E25B671AA00A374E7 /* Build configuration list for PBXNativeTarget "FinalProject" */;
			buildPhases = (
				5B66FD7457F67024AE193CEE /* [CP] Check Pods Manifest.lock */,
				3A4E236325B671A800A374E7 /* Sources */,
				3A4E236425B671A800A374E7 /* Frameworks */,
				3A4E236525B671A800A374E7 /* Resources */,
				BFC27AE45D6335AD9AEE5924 /* [CP] Embed Pods Frameworks */,
			);
			buildRules = (
			);
			dependencies = (
			);
			name = FinalProject;
			productName = FinalProject;
			productReference = 3A4E236725B671A800A374E7 /* FinalProject.app */;
			productType = "com.apple.product-type.application";
		};
/* End PBXNativeTarget section */

/* Begin PBXProject section */
		3A4E235F25B671A800A374E7 /* Project object */ = {
			isa = PBXProject;
			attributes = {
				LastSwiftUpdateCheck = 1230;
				LastUpgradeCheck = 1230;
				TargetAttributes = {
					3A4E236625B671A800A374E7 = {
						CreatedOnToolsVersion = 12.3;
					};
				};
			};
			buildConfigurationList = 3A4E236225B671A800A374E7 /* Build configuration list for PBXProject "FinalProject" */;
			compatibilityVersion = "Xcode 9.3";
			developmentRegion = en;
			hasScannedForEncodings = 0;
			knownRegions = (
				en,
				Base,
			);
			mainGroup = 3A4E235E25B671A800A374E7;
			productRefGroup = 3A4E236825B671A800A374E7 /* Products */;
			projectDirPath = "";
			projectRoot = "";
			targets = (
				3A4E236625B671A800A374E7 /* FinalProject */,
			);
		};
/* End PBXProject section */

/* Begin PBXResourcesBuildPhase section */
		3A4E236525B671A800A374E7 /* Resources */ = {
			isa = PBXResourcesBuildPhase;
			buildActionMask = 2147483647;
			files = (
				3A4E24BB25BA16D800A374E7 /* leagueTableViewCell.xib in Resources */,
				3A4E237A25B671AA00A374E7 /* LaunchScreen.storyboard in Resources */,
				3A57EE5025B938C2002D5E1C /* GoogleService-Info.plist in Resources */,
				7F5406FD25BA279000ED16D4 /* fixtureTableViewCell.xib in Resources */,
				3A4E237725B671AA00A374E7 /* Assets.xcassets in Resources */,
				3A4E237225B671A800A374E7 /* Main.storyboard in Resources */,
			);
			runOnlyForDeploymentPostprocessing = 0;
		};
/* End PBXResourcesBuildPhase section */

/* Begin PBXShellScriptBuildPhase section */
		5B66FD7457F67024AE193CEE /* [CP] Check Pods Manifest.lock */ = {
			isa = PBXShellScriptBuildPhase;
			buildActionMask = 2147483647;
			files = (
			);
			inputFileListPaths = (
			);
			inputPaths = (
				"${PODS_PODFILE_DIR_PATH}/Podfile.lock",
				"${PODS_ROOT}/Manifest.lock",
			);
			name = "[CP] Check Pods Manifest.lock";
			outputFileListPaths = (
			);
			outputPaths = (
				"$(DERIVED_FILE_DIR)/Pods-FinalProject-checkManifestLockResult.txt",
			);
			runOnlyForDeploymentPostprocessing = 0;
			shellPath = /bin/sh;
			shellScript = "diff \"${PODS_PODFILE_DIR_PATH}/Podfile.lock\" \"${PODS_ROOT}/Manifest.lock\" > /dev/null\nif [ $? != 0 ] ; then\n    # print error to STDERR\n    echo \"error: The sandbox is not in sync with the Podfile.lock. Run 'pod install' or update your CocoaPods installation.\" >&2\n    exit 1\nfi\n# This output is used by Xcode 'outputs' to avoid re-running this script phase.\necho \"SUCCESS\" > \"${SCRIPT_OUTPUT_FILE_0}\"\n";
			showEnvVarsInLog = 0;
		};
		BFC27AE45D6335AD9AEE5924 /* [CP] Embed Pods Frameworks */ = {
			isa = PBXShellScriptBuildPhase;
			buildActionMask = 2147483647;
			files = (
			);
			inputFileListPaths = (
				"${PODS_ROOT}/Target Support Files/Pods-FinalProject/Pods-FinalProject-frameworks-${CONFIGURATION}-input-files.xcfilelist",
			);
			name = "[CP] Embed Pods Frameworks";
			outputFileListPaths = (
				"${PODS_ROOT}/Target Support Files/Pods-FinalProject/Pods-FinalProject-frameworks-${CONFIGURATION}-output-files.xcfilelist",
			);
			runOnlyForDeploymentPostprocessing = 0;
			shellPath = /bin/sh;
			shellScript = "\"${PODS_ROOT}/Target Support Files/Pods-FinalProject/Pods-FinalProject-frameworks.sh\"\n";
			showEnvVarsInLog = 0;
		};
/* End PBXShellScriptBuildPhase section */

/* Begin PBXSourcesBuildPhase section */
		3A4E236325B671A800A374E7 /* Sources */ = {
			isa = PBXSourcesBuildPhase;
			buildActionMask = 2147483647;
			files = (
				3A4E236F25B671A800A374E7 /* LeagueViewController.swift in Sources */,
				3A4E236B25B671A800A374E7 /* AppDelegate.swift in Sources */,
				7F5406FC25BA279000ED16D4 /* fixtureTableViewCell.swift in Sources */,
				3A57EE5325B93D2F002D5E1C /* SignupViewController.swift in Sources */,
				3A4E23F725B691C500A374E7 /* NetworkManager.swift in Sources */,
				3A4E237525B671A800A374E7 /* FinalProject.xcdatamodeld in Sources */,
				3A4E24BA25BA16D800A374E7 /* leagueTableViewCell.swift in Sources */,
				3A4E236D25B671A800A374E7 /* SceneDelegate.swift in Sources */,
				3A57EE5925B95A8A002D5E1C /* LoginViewController.swift in Sources */,
				3A57EE7225B96504002D5E1C /* Alert.swift in Sources */,
				3A4E247025B8B8E600A374E7 /* Match.swift in Sources */,
				3A4E24B525BA0CA000A374E7 /* FixtureViewController.swift in Sources */,
			);
			runOnlyForDeploymentPostprocessing = 0;
		};
/* End PBXSourcesBuildPhase section */

/* Begin PBXVariantGroup section */
		3A4E237025B671A800A374E7 /* Main.storyboard */ = {
			isa = PBXVariantGroup;
			children = (
				3A4E237125B671A800A374E7 /* Base */,
			);
			name = Main.storyboard;
			sourceTree = "<group>";
		};
		3A4E237825B671AA00A374E7 /* LaunchScreen.storyboard */ = {
			isa = PBXVariantGroup;
			children = (
				3A4E237925B671AA00A374E7 /* Base */,
			);
			name = LaunchScreen.storyboard;
			sourceTree = "<group>";
		};
/* End PBXVariantGroup section */

/* Begin XCBuildConfiguration section */
		3A4E237C25B671AA00A374E7 /* Debug */ = {
			isa = XCBuildConfiguration;
			buildSettings = {
				ALWAYS_SEARCH_USER_PATHS = NO;
				CLANG_ANALYZER_NONNULL = YES;
				CLANG_ANALYZER_NUMBER_OBJECT_CONVERSION = YES_AGGRESSIVE;
				CLANG_CXX_LANGUAGE_STANDARD = "gnu++14";
				CLANG_CXX_LIBRARY = "libc++";
				CLANG_ENABLE_MODULES = YES;
				CLANG_ENABLE_OBJC_ARC = YES;
				CLANG_ENABLE_OBJC_WEAK = YES;
				CLANG_WARN_BLOCK_CAPTURE_AUTORELEASING = YES;
				CLANG_WARN_BOOL_CONVERSION = YES;
				CLANG_WARN_COMMA = YES;
				CLANG_WARN_CONSTANT_CONVERSION = YES;
				CLANG_WARN_DEPRECATED_OBJC_IMPLEMENTATIONS = YES;
				CLANG_WARN_DIRECT_OBJC_ISA_USAGE = YES_ERROR;
				CLANG_WARN_DOCUMENTATION_COMMENTS = YES;
				CLANG_WARN_EMPTY_BODY = YES;
				CLANG_WARN_ENUM_CONVERSION = YES;
				CLANG_WARN_INFINITE_RECURSION = YES;
				CLANG_WARN_INT_CONVERSION = YES;
				CLANG_WARN_NON_LITERAL_NULL_CONVERSION = YES;
				CLANG_WARN_OBJC_IMPLICIT_RETAIN_SELF = YES;
				CLANG_WARN_OBJC_LITERAL_CONVERSION = YES;
				CLANG_WARN_OBJC_ROOT_CLASS = YES_ERROR;
				CLANG_WARN_QUOTED_INCLUDE_IN_FRAMEWORK_HEADER = YES;
				CLANG_WARN_RANGE_LOOP_ANALYSIS = YES;
				CLANG_WARN_STRICT_PROTOTYPES = YES;
				CLANG_WARN_SUSPICIOUS_MOVE = YES;
				CLANG_WARN_UNGUARDED_AVAILABILITY = YES_AGGRESSIVE;
				CLANG_WARN_UNREACHABLE_CODE = YES;
				CLANG_WARN__DUPLICATE_METHOD_MATCH = YES;
				COPY_PHASE_STRIP = NO;
				DEBUG_INFORMATION_FORMAT = dwarf;
				ENABLE_STRICT_OBJC_MSGSEND = YES;
				ENABLE_TESTABILITY = YES;
				GCC_C_LANGUAGE_STANDARD = gnu11;
				GCC_DYNAMIC_NO_PIC = NO;
				GCC_NO_COMMON_BLOCKS = YES;
				GCC_OPTIMIZATION_LEVEL = 0;
				GCC_PREPROCESSOR_DEFINITIONS = (
					"DEBUG=1",
					"$(inherited)",
				);
				GCC_WARN_64_TO_32_BIT_CONVERSION = YES;
				GCC_WARN_ABOUT_RETURN_TYPE = YES_ERROR;
				GCC_WARN_UNDECLARED_SELECTOR = YES;
				GCC_WARN_UNINITIALIZED_AUTOS = YES_AGGRESSIVE;
				GCC_WARN_UNUSED_FUNCTION = YES;
				GCC_WARN_UNUSED_VARIABLE = YES;
				IPHONEOS_DEPLOYMENT_TARGET = 14.3;
				MTL_ENABLE_DEBUG_INFO = INCLUDE_SOURCE;
				MTL_FAST_MATH = YES;
				ONLY_ACTIVE_ARCH = YES;
				SDKROOT = iphoneos;
				SWIFT_ACTIVE_COMPILATION_CONDITIONS = DEBUG;
				SWIFT_OPTIMIZATION_LEVEL = "-Onone";
			};
			name = Debug;
		};
		3A4E237D25B671AA00A374E7 /* Release */ = {
			isa = XCBuildConfiguration;
			buildSettings = {
				ALWAYS_SEARCH_USER_PATHS = NO;
				CLANG_ANALYZER_NONNULL = YES;
				CLANG_ANALYZER_NUMBER_OBJECT_CONVERSION = YES_AGGRESSIVE;
				CLANG_CXX_LANGUAGE_STANDARD = "gnu++14";
				CLANG_CXX_LIBRARY = "libc++";
				CLANG_ENABLE_MODULES = YES;
				CLANG_ENABLE_OBJC_ARC = YES;
				CLANG_ENABLE_OBJC_WEAK = YES;
				CLANG_WARN_BLOCK_CAPTURE_AUTORELEASING = YES;
				CLANG_WARN_BOOL_CONVERSION = YES;
				CLANG_WARN_COMMA = YES;
				CLANG_WARN_CONSTANT_CONVERSION = YES;
				CLANG_WARN_DEPRECATED_OBJC_IMPLEMENTATIONS = YES;
				CLANG_WARN_DIRECT_OBJC_ISA_USAGE = YES_ERROR;
				CLANG_WARN_DOCUMENTATION_COMMENTS = YES;
				CLANG_WARN_EMPTY_BODY = YES;
				CLANG_WARN_ENUM_CONVERSION = YES;
				CLANG_WARN_INFINITE_RECURSION = YES;
				CLANG_WARN_INT_CONVERSION = YES;
				CLANG_WARN_NON_LITERAL_NULL_CONVERSION = YES;
				CLANG_WARN_OBJC_IMPLICIT_RETAIN_SELF = YES;
				CLANG_WARN_OBJC_LITERAL_CONVERSION = YES;
				CLANG_WARN_OBJC_ROOT_CLASS = YES_ERROR;
				CLANG_WARN_QUOTED_INCLUDE_IN_FRAMEWORK_HEADER = YES;
				CLANG_WARN_RANGE_LOOP_ANALYSIS = YES;
				CLANG_WARN_STRICT_PROTOTYPES = YES;
				CLANG_WARN_SUSPICIOUS_MOVE = YES;
				CLANG_WARN_UNGUARDED_AVAILABILITY = YES_AGGRESSIVE;
				CLANG_WARN_UNREACHABLE_CODE = YES;
				CLANG_WARN__DUPLICATE_METHOD_MATCH = YES;
				COPY_PHASE_STRIP = NO;
				DEBUG_INFORMATION_FORMAT = "dwarf-with-dsym";
				ENABLE_NS_ASSERTIONS = NO;
				ENABLE_STRICT_OBJC_MSGSEND = YES;
				GCC_C_LANGUAGE_STANDARD = gnu11;
				GCC_NO_COMMON_BLOCKS = YES;
				GCC_WARN_64_TO_32_BIT_CONVERSION = YES;
				GCC_WARN_ABOUT_RETURN_TYPE = YES_ERROR;
				GCC_WARN_UNDECLARED_SELECTOR = YES;
				GCC_WARN_UNINITIALIZED_AUTOS = YES_AGGRESSIVE;
				GCC_WARN_UNUSED_FUNCTION = YES;
				GCC_WARN_UNUSED_VARIABLE = YES;
				IPHONEOS_DEPLOYMENT_TARGET = 14.3;
				MTL_ENABLE_DEBUG_INFO = NO;
				MTL_FAST_MATH = YES;
				SDKROOT = iphoneos;
				SWIFT_COMPILATION_MODE = wholemodule;
				SWIFT_OPTIMIZATION_LEVEL = "-O";
				VALIDATE_PRODUCT = YES;
			};
			name = Release;
		};
		3A4E237F25B671AA00A374E7 /* Debug */ = {
			isa = XCBuildConfiguration;
			baseConfigurationReference = F382481BB4C92106EB8B010C /* Pods-FinalProject.debug.xcconfig */;
			buildSettings = {
				ASSETCATALOG_COMPILER_APPICON_NAME = AppIcon;
				ASSETCATALOG_COMPILER_GLOBAL_ACCENT_COLOR_NAME = AccentColor;
				CODE_SIGN_STYLE = Automatic;
				DEVELOPMENT_TEAM = 45URK3WFF7;
				INFOPLIST_FILE = FinalProject/Info.plist;
				IPHONEOS_DEPLOYMENT_TARGET = 14.2;
				LD_RUNPATH_SEARCH_PATHS = (
					"$(inherited)",
					"@executable_path/Frameworks",
				);
				PRODUCT_BUNDLE_IDENTIFIER = com.osagie.obaze.project.FinalProject;
				PRODUCT_NAME = "$(TARGET_NAME)";
				SWIFT_VERSION = 5.0;
				TARGETED_DEVICE_FAMILY = "1,2";
			};
			name = Debug;
		};
		3A4E238025B671AA00A374E7 /* Release */ = {
			isa = XCBuildConfiguration;
			baseConfigurationReference = 725608F06B4B9ACB45DAE39B /* Pods-FinalProject.release.xcconfig */;
			buildSettings = {
				ASSETCATALOG_COMPILER_APPICON_NAME = AppIcon;
				ASSETCATALOG_COMPILER_GLOBAL_ACCENT_COLOR_NAME = AccentColor;
				CODE_SIGN_STYLE = Automatic;
				DEVELOPMENT_TEAM = 45URK3WFF7;
				INFOPLIST_FILE = FinalProject/Info.plist;
				IPHONEOS_DEPLOYMENT_TARGET = 14.2;
				LD_RUNPATH_SEARCH_PATHS = (
					"$(inherited)",
					"@executable_path/Frameworks",
				);
				PRODUCT_BUNDLE_IDENTIFIER = com.osagie.obaze.project.FinalProject;
				PRODUCT_NAME = "$(TARGET_NAME)";
				SWIFT_VERSION = 5.0;
				TARGETED_DEVICE_FAMILY = "1,2";
			};
			name = Release;
		};
/* End XCBuildConfiguration section */

/* Begin XCConfigurationList section */
		3A4E236225B671A800A374E7 /* Build configuration list for PBXProject "FinalProject" */ = {
			isa = XCConfigurationList;
			buildConfigurations = (
				3A4E237C25B671AA00A374E7 /* Debug */,
				3A4E237D25B671AA00A374E7 /* Release */,
			);
			defaultConfigurationIsVisible = 0;
			defaultConfigurationName = Release;
		};
		3A4E237E25B671AA00A374E7 /* Build configuration list for PBXNativeTarget "FinalProject" */ = {
			isa = XCConfigurationList;
			buildConfigurations = (
				3A4E237F25B671AA00A374E7 /* Debug */,
				3A4E238025B671AA00A374E7 /* Release */,
			);
			defaultConfigurationIsVisible = 0;
			defaultConfigurationName = Release;
		};
/* End XCConfigurationList section */

/* Begin XCVersionGroup section */
		3A4E237325B671A800A374E7 /* FinalProject.xcdatamodeld */ = {
			isa = XCVersionGroup;
			children = (
				3A4E237425B671A800A374E7 /* FinalProject.xcdatamodel */,
			);
			currentVersion = 3A4E237425B671A800A374E7 /* FinalProject.xcdatamodel */;
			path = FinalProject.xcdatamodeld;
			sourceTree = "<group>";
			versionGroupType = wrapper.xcdatamodel;
		};
/* End XCVersionGroup section */
	};
	rootObject = 3A4E235F25B671A800A374E7 /* Project object */;
}
